
Microsoft Visual Studio Solution File, Format Version 12.00
# Visual Studio Version 17
VisualStudioVersion = 17.2.32630.192
MinimumVisualStudioVersion = 10.0.40219.1
Project("{9A19103F-16F7-4668-BE54-9A1E7A4F7556}") = "SignalRServerExample", "SignalRServerExample\SignalRServerExample.csproj", "{71AFA06B-21C9-4DFF-9473-2FECBECF2995}"
EndProject
Project("{2150E333-8FDC-42A3-9474-1A3956D46DE8}") = "SignalRDesktopClient", "SignalRDesktopClient", "{472AD815-52EB-442B-B4AF-2F337FBE4A36}"
EndProject
Project("{FAE04EC0-301F-11D3-BF4B-00C04F79EFBC}") = "DesktopClient", "SignalRDesktopClient\DesktopClient\DesktopClient.csproj", "{9A628B9C-DBE2-4DE2-896C-EB4E7BFAD228}"
EndProject
Global
	GlobalSection(SolutionConfigurationPlatforms) = preSolution
		Debug|Any CPU = Debug|Any CPU
		Release|Any CPU = Release|Any CPU
	EndGlobalSection
	GlobalSection(ProjectConfigurationPlatforms) = postSolution
		{71AFA06B-21C9-4DFF-9473-2FECBECF2995}.Debug|Any CPU.ActiveCfg = Debug|Any CPU
		{71AFA06B-21C9-4DFF-9473-2FECBECF2995}.Debug|Any CPU.Build.0 = Debug|Any CPU
		{71AFA06B-21C9-4DFF-9473-2FECBECF2995}.Release|Any CPU.ActiveCfg = Release|Any CPU
		{71AFA06B-21C9-4DFF-9473-2FECBECF2995}.Release|Any CPU.Build.0 = Release|Any CPU
		{9A628B9C-DBE2-4DE2-896C-EB4E7BFAD228}.Debug|Any CPU.ActiveCfg = Debug|Any CPU
		{9A628B9C-DBE2-4DE2-896C-EB4E7BFAD228}.Debug|Any CPU.Build.0 = Debug|Any CPU
		{9A628B9C-DBE2-4DE2-896C-EB4E7BFAD228}.Release|Any CPU.ActiveCfg = Release|Any CPU
		{9A628B9C-DBE2-4DE2-896C-EB4E7BFAD228}.Release|Any CPU.Build.0 = Release|Any CPU
	EndGlobalSection
	GlobalSection(SolutionProperties) = preSolution
		HideSolutionNode = FALSE
	EndGlobalSection
	GlobalSection(NestedProjects) = preSolution
		{9A628B9C-DBE2-4DE2-896C-EB4E7BFAD228} = {472AD815-52EB-442B-B4AF-2F337FBE4A36}
	EndGlobalSection
	GlobalSection(ExtensibilityGlobals) = postSolution
		SolutionGuid = {32D997F8-20F5-47EB-9135-C784B7EEACBA}
	EndGlobalSection
EndGlobal
